
Microsoft Visual Studio Solution File, Format Version 12.00
# Visual Studio Version 16
VisualStudioVersion = 16.0.30804.86
MinimumVisualStudioVersion = 10.0.40219.1
Project("{FAE04EC0-301F-11D3-BF4B-00C04F79EFBC}") = "FactoryPatternVehicle", "FactoryPatternVehicle\FactoryPatternVehicle.csproj", "{66844CE6-ABE0-4240-BFC0-E67E58786A3D}"
EndProject
Global
	GlobalSection(SolutionConfigurationPlatforms) = preSolution
		Debug|Any CPU = Debug|Any CPU
		Release|Any CPU = Release|Any CPU
	EndGlobalSection
	GlobalSection(ProjectConfigurationPlatforms) = postSolution
		{66844CE6-ABE0-4240-BFC0-E67E58786A3D}.Debug|Any CPU.ActiveCfg = Debug|Any CPU
		{66844CE6-ABE0-4240-BFC0-E67E58786A3D}.Debug|Any CPU.Build.0 = Debug|Any CPU
		{66844CE6-ABE0-4240-BFC0-E67E58786A3D}.Release|Any CPU.ActiveCfg = Release|Any CPU
		{66844CE6-ABE0-4240-BFC0-E67E58786A3D}.Release|Any CPU.Build.0 = Release|Any CPU
	EndGlobalSection
	GlobalSection(SolutionProperties) = preSolution
		HideSolutionNode = FALSE
	EndGlobalSection
	GlobalSection(ExtensibilityGlobals) = postSolution
		SolutionGuid = {0B79A7B1-A78B-4011-B135-916412AFF734}
	EndGlobalSection
EndGlobal
